
Microsoft Visual Studio Solution File, Format Version 10.00
# Visual Studio 2008
Project("{6989167D-11E4-40FE-8C1A-2192A86A7E90}") = "blasplus_DLL", "src\fortran\blas\blas_f\blasplus_DLL.vfproj", "{78BD64CE-181D-4D3F-9254-5C4F55C1EDC9}"
EndProject
Project("{6989167D-11E4-40FE-8C1A-2192A86A7E90}") = "lapack_DLL", "src\fortran\lapack\lapack_f\lapack_DLL.vfproj", "{69296D00-0DE1-4F4B-B0CE-FE4F3CB43923}"
	ProjectSection(ProjectDependencies) = postProject
		{78BD64CE-181D-4D3F-9254-5C4F55C1EDC9} = {78BD64CE-181D-4D3F-9254-5C4F55C1EDC9}
	EndProjectSection
EndProject
Project("{8BC9CEB8-8B4A-11D0-8D11-00A0C91BC942}") = "type", "src\c\type\type.vcproj", "{9B1BD750-1FEF-4D6B-9422-782D16181CEE}"
EndProject
Project("{8BC9CEB8-8B4A-11D0-8D11-00A0C91BC942}") = "elementaryFunctions", "src\c\elementaryFunctions\elementaryFunctions.vcproj", "{72B46833-B150-432D-B231-3E0ECD91E190}"
	ProjectSection(ProjectDependencies) = postProject
		{69296D00-0DE1-4F4B-B0CE-FE4F3CB43923} = {69296D00-0DE1-4F4B-B0CE-FE4F3CB43923}
		{9B1BD750-1FEF-4D6B-9422-782D16181CEE} = {9B1BD750-1FEF-4D6B-9422-782D16181CEE}
		{9B622A66-546A-4B33-B947-0A189D259D37} = {9B622A66-546A-4B33-B947-0A189D259D37}
		{78BD64CE-181D-4D3F-9254-5C4F55C1EDC9} = {78BD64CE-181D-4D3F-9254-5C4F55C1EDC9}
	EndProjectSection
EndProject
Project("{8BC9CEB8-8B4A-11D0-8D11-00A0C91BC942}") = "auxiliaryFunctions", "src\c\auxiliaryFunctions\auxiliaryFunctions.vcproj", "{AF4A8AF2-CC9F-4991-BE6E-8AAF9CB5BFC9}"
	ProjectSection(ProjectDependencies) = postProject
		{72B46833-B150-432D-B231-3E0ECD91E190} = {72B46833-B150-432D-B231-3E0ECD91E190}
		{9B1BD750-1FEF-4D6B-9422-782D16181CEE} = {9B1BD750-1FEF-4D6B-9422-782D16181CEE}
		{9B622A66-546A-4B33-B947-0A189D259D37} = {9B622A66-546A-4B33-B947-0A189D259D37}
	EndProjectSection
EndProject
Project("{8BC9CEB8-8B4A-11D0-8D11-00A0C91BC942}") = "matrixOperations", "src\c\matrixOperations\matrixOperations.vcproj", "{FD335544-52BF-4736-A34E-77F591D158D5}"
	ProjectSection(ProjectDependencies) = postProject
		{72B46833-B150-432D-B231-3E0ECD91E190} = {72B46833-B150-432D-B231-3E0ECD91E190}
		{9B1BD750-1FEF-4D6B-9422-782D16181CEE} = {9B1BD750-1FEF-4D6B-9422-782D16181CEE}
		{9B622A66-546A-4B33-B947-0A189D259D37} = {9B622A66-546A-4B33-B947-0A189D259D37}
		{78BD64CE-181D-4D3F-9254-5C4F55C1EDC9} = {78BD64CE-181D-4D3F-9254-5C4F55C1EDC9}
		{AF4A8AF2-CC9F-4991-BE6E-8AAF9CB5BFC9} = {AF4A8AF2-CC9F-4991-BE6E-8AAF9CB5BFC9}
	EndProjectSection
EndProject
Project("{8BC9CEB8-8B4A-11D0-8D11-00A0C91BC942}") = "operations", "src\c\operations\operations.vcproj", "{9B622A66-546A-4B33-B947-0A189D259D37}"
	ProjectSection(ProjectDependencies) = postProject
		{9B1BD750-1FEF-4D6B-9422-782D16181CEE} = {9B1BD750-1FEF-4D6B-9422-782D16181CEE}
	EndProjectSection
EndProject
Project("{8BC9CEB8-8B4A-11D0-8D11-00A0C91BC942}") = "implicitList", "src\c\implicitList\implicitList.vcproj", "{4C99D2F9-1AA2-460D-B9B8-7D44A5F9E7CD}"
	ProjectSection(ProjectDependencies) = postProject
		{9B1BD750-1FEF-4D6B-9422-782D16181CEE} = {9B1BD750-1FEF-4D6B-9422-782D16181CEE}
	EndProjectSection
EndProject
Project("{8BC9CEB8-8B4A-11D0-8D11-00A0C91BC942}") = "signalProcessing", "src\c\signalProcessing\signalProcessing.vcproj", "{F7E8DF1B-CC81-4B2A-B5F0-1A247BE59CC4}"
	ProjectSection(ProjectDependencies) = postProject
		{FD335544-52BF-4736-A34E-77F591D158D5} = {FD335544-52BF-4736-A34E-77F591D158D5}
		{9B1BD750-1FEF-4D6B-9422-782D16181CEE} = {9B1BD750-1FEF-4D6B-9422-782D16181CEE}
		{9B622A66-546A-4B33-B947-0A189D259D37} = {9B622A66-546A-4B33-B947-0A189D259D37}
		{78BD64CE-181D-4D3F-9254-5C4F55C1EDC9} = {78BD64CE-181D-4D3F-9254-5C4F55C1EDC9}
		{AF4A8AF2-CC9F-4991-BE6E-8AAF9CB5BFC9} = {AF4A8AF2-CC9F-4991-BE6E-8AAF9CB5BFC9}
	EndProjectSection
EndProject
Project("{8BC9CEB8-8B4A-11D0-8D11-00A0C91BC942}") = "statisticsFunctions", "src\c\statisticsFunctions\statisticsFunctions.vcproj", "{E11ED064-3BF2-4F70-B66E-3223C737EC60}"
	ProjectSection(ProjectDependencies) = postProject
		{72B46833-B150-432D-B231-3E0ECD91E190} = {72B46833-B150-432D-B231-3E0ECD91E190}
		{FD335544-52BF-4736-A34E-77F591D158D5} = {FD335544-52BF-4736-A34E-77F591D158D5}
		{9B1BD750-1FEF-4D6B-9422-782D16181CEE} = {9B1BD750-1FEF-4D6B-9422-782D16181CEE}
		{9B622A66-546A-4B33-B947-0A189D259D37} = {9B622A66-546A-4B33-B947-0A189D259D37}
	EndProjectSection
EndProject
Project("{8BC9CEB8-8B4A-11D0-8D11-00A0C91BC942}") = "string", "src\c\string\string.vcproj", "{38A141F2-DF77-4032-A17C-0901EA1A7AF1}"
	ProjectSection(ProjectDependencies) = postProject
		{9B1BD750-1FEF-4D6B-9422-782D16181CEE} = {9B1BD750-1FEF-4D6B-9422-782D16181CEE}
	EndProjectSection
EndProject
Global
	GlobalSection(SolutionConfigurationPlatforms) = preSolution
		Debug|Win32 = Debug|Win32
		Debug|x64 = Debug|x64
		Release|Win32 = Release|Win32
		Release|x64 = Release|x64
	EndGlobalSection
	GlobalSection(ProjectConfigurationPlatforms) = postSolution
		{78BD64CE-181D-4D3F-9254-5C4F55C1EDC9}.Debug|Win32.ActiveCfg = Debug|Win32
		{78BD64CE-181D-4D3F-9254-5C4F55C1EDC9}.Debug|Win32.Build.0 = Debug|Win32
		{78BD64CE-181D-4D3F-9254-5C4F55C1EDC9}.Debug|x64.ActiveCfg = Debug|x64
		{78BD64CE-181D-4D3F-9254-5C4F55C1EDC9}.Debug|x64.Build.0 = Debug|x64
		{78BD64CE-181D-4D3F-9254-5C4F55C1EDC9}.Release|Win32.ActiveCfg = Release|Win32
		{78BD64CE-181D-4D3F-9254-5C4F55C1EDC9}.Release|Win32.Build.0 = Release|Win32
		{78BD64CE-181D-4D3F-9254-5C4F55C1EDC9}.Release|x64.ActiveCfg = Release|x64
		{78BD64CE-181D-4D3F-9254-5C4F55C1EDC9}.Release|x64.Build.0 = Release|x64
		{69296D00-0DE1-4F4B-B0CE-FE4F3CB43923}.Debug|Win32.ActiveCfg = Debug|Win32
		{69296D00-0DE1-4F4B-B0CE-FE4F3CB43923}.Debug|Win32.Build.0 = Debug|Win32
		{69296D00-0DE1-4F4B-B0CE-FE4F3CB43923}.Debug|x64.ActiveCfg = Debug|x64
		{69296D00-0DE1-4F4B-B0CE-FE4F3CB43923}.Debug|x64.Build.0 = Debug|x64
		{69296D00-0DE1-4F4B-B0CE-FE4F3CB43923}.Release|Win32.ActiveCfg = Release|Win32
		{69296D00-0DE1-4F4B-B0CE-FE4F3CB43923}.Release|Win32.Build.0 = Release|Win32
		{69296D00-0DE1-4F4B-B0CE-FE4F3CB43923}.Release|x64.ActiveCfg = Release|x64
		{69296D00-0DE1-4F4B-B0CE-FE4F3CB43923}.Release|x64.Build.0 = Release|x64
		{9B1BD750-1FEF-4D6B-9422-782D16181CEE}.Debug|Win32.ActiveCfg = Debug|Win32
		{9B1BD750-1FEF-4D6B-9422-782D16181CEE}.Debug|Win32.Build.0 = Debug|Win32
		{9B1BD750-1FEF-4D6B-9422-782D16181CEE}.Debug|x64.ActiveCfg = Debug|Win32
		{9B1BD750-1FEF-4D6B-9422-782D16181CEE}.Release|Win32.ActiveCfg = Release|Win32
		{9B1BD750-1FEF-4D6B-9422-782D16181CEE}.Release|Win32.Build.0 = Release|Win32
		{9B1BD750-1FEF-4D6B-9422-782D16181CEE}.Release|x64.ActiveCfg = Release|Win32
		{72B46833-B150-432D-B231-3E0ECD91E190}.Debug|Win32.ActiveCfg = Debug|Win32
		{72B46833-B150-432D-B231-3E0ECD91E190}.Debug|Win32.Build.0 = Debug|Win32
		{72B46833-B150-432D-B231-3E0ECD91E190}.Debug|x64.ActiveCfg = Debug|Win32
		{72B46833-B150-432D-B231-3E0ECD91E190}.Release|Win32.ActiveCfg = Release|Win32
		{72B46833-B150-432D-B231-3E0ECD91E190}.Release|Win32.Build.0 = Release|Win32
		{72B46833-B150-432D-B231-3E0ECD91E190}.Release|x64.ActiveCfg = Release|Win32
		{AF4A8AF2-CC9F-4991-BE6E-8AAF9CB5BFC9}.Debug|Win32.ActiveCfg = Debug|Win32
		{AF4A8AF2-CC9F-4991-BE6E-8AAF9CB5BFC9}.Debug|Win32.Build.0 = Debug|Win32
		{AF4A8AF2-CC9F-4991-BE6E-8AAF9CB5BFC9}.Debug|x64.ActiveCfg = Debug|Win32
		{AF4A8AF2-CC9F-4991-BE6E-8AAF9CB5BFC9}.Release|Win32.ActiveCfg = Release|Win32
		{AF4A8AF2-CC9F-4991-BE6E-8AAF9CB5BFC9}.Release|Win32.Build.0 = Release|Win32
		{AF4A8AF2-CC9F-4991-BE6E-8AAF9CB5BFC9}.Release|x64.ActiveCfg = Release|Win32
		{FD335544-52BF-4736-A34E-77F591D158D5}.Debug|Win32.ActiveCfg = Debug|Win32
		{FD335544-52BF-4736-A34E-77F591D158D5}.Debug|Win32.Build.0 = Debug|Win32
		{FD335544-52BF-4736-A34E-77F591D158D5}.Debug|x64.ActiveCfg = Debug|Win32
		{FD335544-52BF-4736-A34E-77F591D158D5}.Release|Win32.ActiveCfg = Release|Win32
		{FD335544-52BF-4736-A34E-77F591D158D5}.Release|Win32.Build.0 = Release|Win32
		{FD335544-52BF-4736-A34E-77F591D158D5}.Release|x64.ActiveCfg = Release|Win32
		{9B622A66-546A-4B33-B947-0A189D259D37}.Debug|Win32.ActiveCfg = Debug|Win32
		{9B622A66-546A-4B33-B947-0A189D259D37}.Debug|Win32.Build.0 = Debug|Win32
		{9B622A66-546A-4B33-B947-0A189D259D37}.Debug|x64.ActiveCfg = Debug|Win32
		{9B622A66-546A-4B33-B947-0A189D259D37}.Release|Win32.ActiveCfg = Release|Win32
		{9B622A66-546A-4B33-B947-0A189D259D37}.Release|Win32.Build.0 = Release|Win32
		{9B622A66-546A-4B33-B947-0A189D259D37}.Release|x64.ActiveCfg = Release|Win32
		{4C99D2F9-1AA2-460D-B9B8-7D44A5F9E7CD}.Debug|Win32.ActiveCfg = Debug|Win32
		{4C99D2F9-1AA2-460D-B9B8-7D44A5F9E7CD}.Debug|Win32.Build.0 = Debug|Win32
		{4C99D2F9-1AA2-460D-B9B8-7D44A5F9E7CD}.Debug|x64.ActiveCfg = Debug|Win32
		{4C99D2F9-1AA2-460D-B9B8-7D44A5F9E7CD}.Release|Win32.ActiveCfg = Release|Win32
		{4C99D2F9-1AA2-460D-B9B8-7D44A5F9E7CD}.Release|Win32.Build.0 = Release|Win32
		{4C99D2F9-1AA2-460D-B9B8-7D44A5F9E7CD}.Release|x64.ActiveCfg = Release|Win32
		{F7E8DF1B-CC81-4B2A-B5F0-1A247BE59CC4}.Debug|Win32.ActiveCfg = Debug|Win32
		{F7E8DF1B-CC81-4B2A-B5F0-1A247BE59CC4}.Debug|Win32.Build.0 = Debug|Win32
		{F7E8DF1B-CC81-4B2A-B5F0-1A247BE59CC4}.Debug|x64.ActiveCfg = Debug|Win32
		{F7E8DF1B-CC81-4B2A-B5F0-1A247BE59CC4}.Release|Win32.ActiveCfg = Release|Win32
		{F7E8DF1B-CC81-4B2A-B5F0-1A247BE59CC4}.Release|Win32.Build.0 = Release|Win32
		{F7E8DF1B-CC81-4B2A-B5F0-1A247BE59CC4}.Release|x64.ActiveCfg = Release|Win32
		{E11ED064-3BF2-4F70-B66E-3223C737EC60}.Debug|Win32.ActiveCfg = Debug|Win32
		{E11ED064-3BF2-4F70-B66E-3223C737EC60}.Debug|Win32.Build.0 = Debug|Win32
		{E11ED064-3BF2-4F70-B66E-3223C737EC60}.Debug|x64.ActiveCfg = Debug|Win32
		{E11ED064-3BF2-4F70-B66E-3223C737EC60}.Release|Win32.ActiveCfg = Release|Win32
		{E11ED064-3BF2-4F70-B66E-3223C737EC60}.Release|Win32.Build.0 = Release|Win32
		{E11ED064-3BF2-4F70-B66E-3223C737EC60}.Release|x64.ActiveCfg = Release|Win32
		{38A141F2-DF77-4032-A17C-0901EA1A7AF1}.Debug|Win32.ActiveCfg = Debug|Win32
		{38A141F2-DF77-4032-A17C-0901EA1A7AF1}.Debug|Win32.Build.0 = Debug|Win32
		{38A141F2-DF77-4032-A17C-0901EA1A7AF1}.Debug|x64.ActiveCfg = Debug|Win32
		{38A141F2-DF77-4032-A17C-0901EA1A7AF1}.Release|Win32.ActiveCfg = Release|Win32
		{38A141F2-DF77-4032-A17C-0901EA1A7AF1}.Release|Win32.Build.0 = Release|Win32
		{38A141F2-DF77-4032-A17C-0901EA1A7AF1}.Release|x64.ActiveCfg = Release|Win32
	EndGlobalSection
	GlobalSection(SolutionProperties) = preSolution
		HideSolutionNode = FALSE
	EndGlobalSection
EndGlobal
